// !$*UTF8*$!
{
	archiveVersion = 1;
	classes = {
	};
	objectVersion = 51;
	objects = {

/* Begin PBXBuildFile section */
		2E0682C62581E7B2009A4B44 /* DBData2.json in Resources */ = {isa = PBXBuildFile; fileRef = 2E0682C52581E7B2009A4B44 /* DBData2.json */; };
		2E20B8D4256F8074005C6253 /* DBData.json in Resources */ = {isa = PBXBuildFile; fileRef = 2E20B8D3256F8074005C6253 /* DBData.json */; };
		2E5543E32567319400ED8071 /* AppDelegate.m in Sources */ = {isa = PBXBuildFile; fileRef = 2E5543E22567319400ED8071 /* AppDelegate.m */; };
		2E5543E62567319400ED8071 /* SceneDelegate.m in Sources */ = {isa = PBXBuildFile; fileRef = 2E5543E52567319400ED8071 /* SceneDelegate.m */; };
		2E5543E92567319400ED8071 /* ViewController.m in Sources */ = {isa = PBXBuildFile; fileRef = 2E5543E82567319400ED8071 /* ViewController.m */; };
		2E5543EC2567319400ED8071 /* Main.storyboard in Resources */ = {isa = PBXBuildFile; fileRef = 2E5543EA2567319400ED8071 /* Main.storyboard */; };
		2E5543EF2567319400ED8071 /* DetectCall.xcdatamodeld in Sources */ = {isa = PBXBuildFile; fileRef = 2E5543ED2567319400ED8071 /* DetectCall.xcdatamodeld */; };
		2E5543F12567319B00ED8071 /* Assets.xcassets in Resources */ = {isa = PBXBuildFile; fileRef = 2E5543F02567319B00ED8071 /* Assets.xcassets */; };
		2E5543F42567319B00ED8071 /* LaunchScreen.storyboard in Resources */ = {isa = PBXBuildFile; fileRef = 2E5543F22567319B00ED8071 /* LaunchScreen.storyboard */; };
		2E5543F72567319B00ED8071 /* main.m in Sources */ = {isa = PBXBuildFile; fileRef = 2E5543F62567319B00ED8071 /* main.m */; };
		2E5544062567341D00ED8071 /* CallDirectoryHandler.m in Sources */ = {isa = PBXBuildFile; fileRef = 2E5544052567341D00ED8071 /* CallDirectoryHandler.m */; };
		2E55440A2567341D00ED8071 /* CallDirectoryHandler.appex in Embed App Extensions */ = {isa = PBXBuildFile; fileRef = 2E5544022567341C00ED8071 /* CallDirectoryHandler.appex */; settings = {ATTRIBUTES = (RemoveHeadersOnCopy, ); }; };
		2E6F7FBD2581EE1100847DA3 /* DBData3.json in Resources */ = {isa = PBXBuildFile; fileRef = 2E6F7FBC2581EE1100847DA3 /* DBData3.json */; };
		2E7A6D8E258066B2007EAD0B /* libsqlite3.0.tbd in Frameworks */ = {isa = PBXBuildFile; fileRef = 2E7A6D8D258066B2007EAD0B /* libsqlite3.0.tbd */; };
		2E7A6D9E25806759007EAD0B /* FMDatabaseQueue.m in Sources */ = {isa = PBXBuildFile; fileRef = 2E7A6D9325806759007EAD0B /* FMDatabaseQueue.m */; };
		2E7A6D9F25806759007EAD0B /* FMDatabaseAdditions.m in Sources */ = {isa = PBXBuildFile; fileRef = 2E7A6D9625806759007EAD0B /* FMDatabaseAdditions.m */; };
		2E7A6DA02580675A007EAD0B /* FMDatabase.m in Sources */ = {isa = PBXBuildFile; fileRef = 2E7A6D9725806759007EAD0B /* FMDatabase.m */; };
		2E7A6DA12580675A007EAD0B /* FMDatabasePool.m in Sources */ = {isa = PBXBuildFile; fileRef = 2E7A6D9B25806759007EAD0B /* FMDatabasePool.m */; };
		2E7A6DA22580675A007EAD0B /* FMResultSet.m in Sources */ = {isa = PBXBuildFile; fileRef = 2E7A6D9C25806759007EAD0B /* FMResultSet.m */; };
		2E7C9C322580ABAE00EB360E /* DBData.json in Resources */ = {isa = PBXBuildFile; fileRef = 2E7C9C312580ABAE00EB360E /* DBData.json */; };
		2E9C172025707DDD0054E0C1 /* DBData2.json in Resources */ = {isa = PBXBuildFile; fileRef = 2E9C171F25707DDD0054E0C1 /* DBData2.json */; };
		2EA6391C2580814D0016C738 /* CallKit.framework in Frameworks */ = {isa = PBXBuildFile; fileRef = 2EA6391B2580814D0016C738 /* CallKit.framework */; };
		2EA6391F2580816A0016C738 /* CallDirectoryHandler.entitlements in Sources */ = {isa = PBXBuildFile; fileRef = 2E20B8CD256F788B005C6253 /* CallDirectoryHandler.entitlements */; };
		2EA639202580816A0016C738 /* CallDirectoryHandler.h in Sources */ = {isa = PBXBuildFile; fileRef = 2E5544042567341C00ED8071 /* CallDirectoryHandler.h */; };
		2EA639212580816A0016C738 /* CallDirectoryHandler.m in Sources */ = {isa = PBXBuildFile; fileRef = 2E5544052567341D00ED8071 /* CallDirectoryHandler.m */; };
		405A597970DB3E2B141910CD /* Pods_CallDirectoryHandler.framework in Frameworks */ = {isa = PBXBuildFile; fileRef = FE8DA7E734107135B0B3843C /* Pods_CallDirectoryHandler.framework */; };
		44559035DEA52855848A0439 /* Pods_DetectCall.framework in Frameworks */ = {isa = PBXBuildFile; fileRef = 52846D5CBF3878024EF6B8DB /* Pods_DetectCall.framework */; };
/* End PBXBuildFile section */

/* Begin PBXContainerItemProxy section */
		2E5544082567341D00ED8071 /* PBXContainerItemProxy */ = {
			isa = PBXContainerItemProxy;
			containerPortal = 2E5543D62567319400ED8071 /* Project object */;
			proxyType = 1;
			remoteGlobalIDString = 2E5544012567341C00ED8071;
			remoteInfo = CallDirectoryHandler;
		};
/* End PBXContainerItemProxy section */

/* Begin PBXCopyFilesBuildPhase section */
		2E55440E2567341D00ED8071 /* Embed App Extensions */ = {
			isa = PBXCopyFilesBuildPhase;
			buildActionMask = 2147483647;
			dstPath = "";
			dstSubfolderSpec = 13;
			files = (
				2E55440A2567341D00ED8071 /* CallDirectoryHandler.appex in Embed App Extensions */,
			);
			name = "Embed App Extensions";
			runOnlyForDeploymentPostprocessing = 0;
		};
/* End PBXCopyFilesBuildPhase section */

/* Begin PBXFileReference section */
		148E5105EC68BD19F751D692 /* Pods-DetectCall.release.xcconfig */ = {isa = PBXFileReference; includeInIndex = 1; lastKnownFileType = text.xcconfig; name = "Pods-DetectCall.release.xcconfig"; path = "Target Support Files/Pods-DetectCall/Pods-DetectCall.release.xcconfig"; sourceTree = "<group>"; };
		2E0682C52581E7B2009A4B44 /* DBData2.json */ = {isa = PBXFileReference; fileEncoding = 4; lastKnownFileType = text.json; path = DBData2.json; sourceTree = "<group>"; };
		2E20B8CA256F783D005C6253 /* DetectCall.entitlements */ = {isa = PBXFileReference; lastKnownFileType = text.plist.entitlements; path = DetectCall.entitlements; sourceTree = "<group>"; };
		2E20B8CD256F788B005C6253 /* CallDirectoryHandler.entitlements */ = {isa = PBXFileReference; lastKnownFileType = text.plist.entitlements; path = CallDirectoryHandler.entitlements; sourceTree = "<group>"; };
		2E20B8D3256F8074005C6253 /* DBData.json */ = {isa = PBXFileReference; fileEncoding = 4; lastKnownFileType = text.json; path = DBData.json; sourceTree = SOURCE_ROOT; };
		2E5543DE2567319400ED8071 /* DetectCall.app */ = {isa = PBXFileReference; explicitFileType = wrapper.application; includeInIndex = 0; path = DetectCall.app; sourceTree = BUILT_PRODUCTS_DIR; };
		2E5543E12567319400ED8071 /* AppDelegate.h */ = {isa = PBXFileReference; lastKnownFileType = sourcecode.c.h; path = AppDelegate.h; sourceTree = "<group>"; };
		2E5543E22567319400ED8071 /* AppDelegate.m */ = {isa = PBXFileReference; lastKnownFileType = sourcecode.c.objc; path = AppDelegate.m; sourceTree = "<group>"; };
		2E5543E42567319400ED8071 /* SceneDelegate.h */ = {isa = PBXFileReference; lastKnownFileType = sourcecode.c.h; path = SceneDelegate.h; sourceTree = "<group>"; };
		2E5543E52567319400ED8071 /* SceneDelegate.m */ = {isa = PBXFileReference; lastKnownFileType = sourcecode.c.objc; path = SceneDelegate.m; sourceTree = "<group>"; };
		2E5543E72567319400ED8071 /* ViewController.h */ = {isa = PBXFileReference; lastKnownFileType = sourcecode.c.h; path = ViewController.h; sourceTree = "<group>"; };
		2E5543E82567319400ED8071 /* ViewController.m */ = {isa = PBXFileReference; lastKnownFileType = sourcecode.c.objc; path = ViewController.m; sourceTree = "<group>"; };
		2E5543EB2567319400ED8071 /* Base */ = {isa = PBXFileReference; lastKnownFileType = file.storyboard; name = Base; path = Base.lproj/Main.storyboard; sourceTree = "<group>"; };
		2E5543EE2567319400ED8071 /* DetectCall.xcdatamodel */ = {isa = PBXFileReference; lastKnownFileType = wrapper.xcdatamodel; path = DetectCall.xcdatamodel; sourceTree = "<group>"; };
		2E5543F02567319B00ED8071 /* Assets.xcassets */ = {isa = PBXFileReference; lastKnownFileType = folder.assetcatalog; path = Assets.xcassets; sourceTree = "<group>"; };
		2E5543F32567319B00ED8071 /* Base */ = {isa = PBXFileReference; lastKnownFileType = file.storyboard; name = Base; path = Base.lproj/LaunchScreen.storyboard; sourceTree = "<group>"; };
		2E5543F52567319B00ED8071 /* Info.plist */ = {isa = PBXFileReference; lastKnownFileType = text.plist.xml; path = Info.plist; sourceTree = "<group>"; };
		2E5543F62567319B00ED8071 /* main.m */ = {isa = PBXFileReference; lastKnownFileType = sourcecode.c.objc; path = main.m; sourceTree = "<group>"; };
		2E5544022567341C00ED8071 /* CallDirectoryHandler.appex */ = {isa = PBXFileReference; explicitFileType = "wrapper.app-extension"; includeInIndex = 0; path = CallDirectoryHandler.appex; sourceTree = BUILT_PRODUCTS_DIR; };
		2E5544042567341C00ED8071 /* CallDirectoryHandler.h */ = {isa = PBXFileReference; lastKnownFileType = sourcecode.c.h; path = CallDirectoryHandler.h; sourceTree = "<group>"; };
		2E5544052567341D00ED8071 /* CallDirectoryHandler.m */ = {isa = PBXFileReference; lastKnownFileType = sourcecode.c.objc; path = CallDirectoryHandler.m; sourceTree = "<group>"; };
		2E5544072567341D00ED8071 /* Info.plist */ = {isa = PBXFileReference; lastKnownFileType = text.plist.xml; path = Info.plist; sourceTree = "<group>"; };
		2E6F7FBC2581EE1100847DA3 /* DBData3.json */ = {isa = PBXFileReference; fileEncoding = 4; lastKnownFileType = text.json; path = DBData3.json; sourceTree = "<group>"; };
		2E7A6D8D258066B2007EAD0B /* libsqlite3.0.tbd */ = {isa = PBXFileReference; lastKnownFileType = "sourcecode.text-based-dylib-definition"; name = libsqlite3.0.tbd; path = usr/lib/libsqlite3.0.tbd; sourceTree = SDKROOT; };
		2E7A6D9225806759007EAD0B /* FMDatabase.h */ = {isa = PBXFileReference; fileEncoding = 4; lastKnownFileType = sourcecode.c.h; path = FMDatabase.h; sourceTree = "<group>"; };
		2E7A6D9325806759007EAD0B /* FMDatabaseQueue.m */ = {isa = PBXFileReference; fileEncoding = 4; lastKnownFileType = sourcecode.c.objc; path = FMDatabaseQueue.m; sourceTree = "<group>"; };
		2E7A6D9425806759007EAD0B /* FMResultSet.h */ = {isa = PBXFileReference; fileEncoding = 4; lastKnownFileType = sourcecode.c.h; path = FMResultSet.h; sourceTree = "<group>"; };
		2E7A6D9525806759007EAD0B /* FMDatabasePool.h */ = {isa = PBXFileReference; fileEncoding = 4; lastKnownFileType = sourcecode.c.h; path = FMDatabasePool.h; sourceTree = "<group>"; };
		2E7A6D9625806759007EAD0B /* FMDatabaseAdditions.m */ = {isa = PBXFileReference; fileEncoding = 4; lastKnownFileType = sourcecode.c.objc; path = FMDatabaseAdditions.m; sourceTree = "<group>"; };
		2E7A6D9725806759007EAD0B /* FMDatabase.m */ = {isa = PBXFileReference; fileEncoding = 4; lastKnownFileType = sourcecode.c.objc; path = FMDatabase.m; sourceTree = "<group>"; };
		2E7A6D9825806759007EAD0B /* FMDatabaseQueue.h */ = {isa = PBXFileReference; fileEncoding = 4; lastKnownFileType = sourcecode.c.h; path = FMDatabaseQueue.h; sourceTree = "<group>"; };
		2E7A6D9925806759007EAD0B /* FMDB.h */ = {isa = PBXFileReference; fileEncoding = 4; lastKnownFileType = sourcecode.c.h; path = FMDB.h; sourceTree = "<group>"; };
		2E7A6D9A25806759007EAD0B /* FMDatabaseAdditions.h */ = {isa = PBXFileReference; fileEncoding = 4; lastKnownFileType = sourcecode.c.h; path = FMDatabaseAdditions.h; sourceTree = "<group>"; };
		2E7A6D9B25806759007EAD0B /* FMDatabasePool.m */ = {isa = PBXFileReference; fileEncoding = 4; lastKnownFileType = sourcecode.c.objc; path = FMDatabasePool.m; sourceTree = "<group>"; };
		2E7A6D9C25806759007EAD0B /* FMResultSet.m */ = {isa = PBXFileReference; fileEncoding = 4; lastKnownFileType = sourcecode.c.objc; path = FMResultSet.m; sourceTree = "<group>"; };
		2E7C9C312580ABAE00EB360E /* DBData.json */ = {isa = PBXFileReference; fileEncoding = 4; lastKnownFileType = text.json; path = DBData.json; sourceTree = "<group>"; };
		2E9C171F25707DDD0054E0C1 /* DBData2.json */ = {isa = PBXFileReference; fileEncoding = 4; lastKnownFileType = text.json; path = DBData2.json; sourceTree = SOURCE_ROOT; };
		2EA6391B2580814D0016C738 /* CallKit.framework */ = {isa = PBXFileReference; lastKnownFileType = wrapper.framework; name = CallKit.framework; path = System/Library/Frameworks/CallKit.framework; sourceTree = SDKROOT; };
		4B60CBA1F0C7FE05B00799C6 /* Pods-CallDirectoryHandler.release.xcconfig */ = {isa = PBXFileReference; includeInIndex = 1; lastKnownFileType = text.xcconfig; name = "Pods-CallDirectoryHandler.release.xcconfig"; path = "Target Support Files/Pods-CallDirectoryHandler/Pods-CallDirectoryHandler.release.xcconfig"; sourceTree = "<group>"; };
		4F1FDEF40FAEE4B19DE159BC /* Pods-CallDirectoryHandler.debug.xcconfig */ = {isa = PBXFileReference; includeInIndex = 1; lastKnownFileType = text.xcconfig; name = "Pods-CallDirectoryHandler.debug.xcconfig"; path = "Target Support Files/Pods-CallDirectoryHandler/Pods-CallDirectoryHandler.debug.xcconfig"; sourceTree = "<group>"; };
		52846D5CBF3878024EF6B8DB /* Pods_DetectCall.framework */ = {isa = PBXFileReference; explicitFileType = wrapper.framework; includeInIndex = 0; path = Pods_DetectCall.framework; sourceTree = BUILT_PRODUCTS_DIR; };
		A8156E63F068E96559B64E1A /* Pods-DetectCall.debug.xcconfig */ = {isa = PBXFileReference; includeInIndex = 1; lastKnownFileType = text.xcconfig; name = "Pods-DetectCall.debug.xcconfig"; path = "Target Support Files/Pods-DetectCall/Pods-DetectCall.debug.xcconfig"; sourceTree = "<group>"; };
		FE8DA7E734107135B0B3843C /* Pods_CallDirectoryHandler.framework */ = {isa = PBXFileReference; explicitFileType = wrapper.framework; includeInIndex = 0; path = Pods_CallDirectoryHandler.framework; sourceTree = BUILT_PRODUCTS_DIR; };
/* End PBXFileReference section */

/* Begin PBXFrameworksBuildPhase section */
		2E5543DB2567319400ED8071 /* Frameworks */ = {
			isa = PBXFrameworksBuildPhase;
			buildActionMask = 2147483647;
			files = (
				2EA6391C2580814D0016C738 /* CallKit.framework in Frameworks */,
				2E7A6D8E258066B2007EAD0B /* libsqlite3.0.tbd in Frameworks */,
				44559035DEA52855848A0439 /* Pods_DetectCall.framework in Frameworks */,
			);
			runOnlyForDeploymentPostprocessing = 0;
		};
		2E5543FF2567341C00ED8071 /* Frameworks */ = {
			isa = PBXFrameworksBuildPhase;
			buildActionMask = 2147483647;
			files = (
				405A597970DB3E2B141910CD /* Pods_CallDirectoryHandler.framework in Frameworks */,
			);
			runOnlyForDeploymentPostprocessing = 0;
		};
/* End PBXFrameworksBuildPhase section */

/* Begin PBXGroup section */
		1C107082602811135AE7028F /* Pods */ = {
			isa = PBXGroup;
			children = (
				4F1FDEF40FAEE4B19DE159BC /* Pods-CallDirectoryHandler.debug.xcconfig */,
				4B60CBA1F0C7FE05B00799C6 /* Pods-CallDirectoryHandler.release.xcconfig */,
				A8156E63F068E96559B64E1A /* Pods-DetectCall.debug.xcconfig */,
				148E5105EC68BD19F751D692 /* Pods-DetectCall.release.xcconfig */,
			);
			path = Pods;
			sourceTree = "<group>";
		};
		2E5543D52567319400ED8071 = {
			isa = PBXGroup;
			children = (
				2E5543E02567319400ED8071 /* DetectCall */,
				2E5544032567341C00ED8071 /* CallDirectoryHandler */,
				2E5543DF2567319400ED8071 /* Products */,
				1C107082602811135AE7028F /* Pods */,
				D028B43B833757D847A8A8A0 /* Frameworks */,
			);
			sourceTree = "<group>";
		};
		2E5543DF2567319400ED8071 /* Products */ = {
			isa = PBXGroup;
			children = (
				2E5543DE2567319400ED8071 /* DetectCall.app */,
				2E5544022567341C00ED8071 /* CallDirectoryHandler.appex */,
			);
			name = Products;
			sourceTree = "<group>";
		};
		2E5543E02567319400ED8071 /* DetectCall */ = {
			isa = PBXGroup;
			children = (
				2E7A6D9125806759007EAD0B /* fmdb */,
				2E20B8CA256F783D005C6253 /* DetectCall.entitlements */,
				2E5543E12567319400ED8071 /* AppDelegate.h */,
				2E5543E22567319400ED8071 /* AppDelegate.m */,
				2E5543E42567319400ED8071 /* SceneDelegate.h */,
				2E5543E52567319400ED8071 /* SceneDelegate.m */,
				2E5543E72567319400ED8071 /* ViewController.h */,
				2E5543E82567319400ED8071 /* ViewController.m */,
				2E5543EA2567319400ED8071 /* Main.storyboard */,
				2E5543F02567319B00ED8071 /* Assets.xcassets */,
				2E5543F22567319B00ED8071 /* LaunchScreen.storyboard */,
				2E5543F52567319B00ED8071 /* Info.plist */,
				2E5543F62567319B00ED8071 /* main.m */,
				2E5543ED2567319400ED8071 /* DetectCall.xcdatamodeld */,
				2E9C171F25707DDD0054E0C1 /* DBData2.json */,
				2E20B8D3256F8074005C6253 /* DBData.json */,
			);
			path = DetectCall;
			sourceTree = "<group>";
		};
		2E5544032567341C00ED8071 /* CallDirectoryHandler */ = {
			isa = PBXGroup;
			children = (
				2E6F7FBC2581EE1100847DA3 /* DBData3.json */,
				2E7C9C312580ABAE00EB360E /* DBData.json */,
				2E0682C52581E7B2009A4B44 /* DBData2.json */,
				2E20B8CD256F788B005C6253 /* CallDirectoryHandler.entitlements */,
				2E5544042567341C00ED8071 /* CallDirectoryHandler.h */,
				2E5544052567341D00ED8071 /* CallDirectoryHandler.m */,
				2E5544072567341D00ED8071 /* Info.plist */,
			);
			path = CallDirectoryHandler;
			sourceTree = "<group>";
		};
		2E7A6D9125806759007EAD0B /* fmdb */ = {
			isa = PBXGroup;
			children = (
				2E7A6D9225806759007EAD0B /* FMDatabase.h */,
				2E7A6D9325806759007EAD0B /* FMDatabaseQueue.m */,
				2E7A6D9425806759007EAD0B /* FMResultSet.h */,
				2E7A6D9525806759007EAD0B /* FMDatabasePool.h */,
				2E7A6D9625806759007EAD0B /* FMDatabaseAdditions.m */,
				2E7A6D9725806759007EAD0B /* FMDatabase.m */,
				2E7A6D9825806759007EAD0B /* FMDatabaseQueue.h */,
				2E7A6D9925806759007EAD0B /* FMDB.h */,
				2E7A6D9A25806759007EAD0B /* FMDatabaseAdditions.h */,
				2E7A6D9B25806759007EAD0B /* FMDatabasePool.m */,
				2E7A6D9C25806759007EAD0B /* FMResultSet.m */,
			);
			path = fmdb;
			sourceTree = "<group>";
		};
		D028B43B833757D847A8A8A0 /* Frameworks */ = {
			isa = PBXGroup;
			children = (
				2EA6391B2580814D0016C738 /* CallKit.framework */,
				2E7A6D8D258066B2007EAD0B /* libsqlite3.0.tbd */,
				FE8DA7E734107135B0B3843C /* Pods_CallDirectoryHandler.framework */,
				52846D5CBF3878024EF6B8DB /* Pods_DetectCall.framework */,
			);
			name = Frameworks;
			sourceTree = "<group>";
		};
/* End PBXGroup section */

/* Begin PBXNativeTarget section */
		2E5543DD2567319400ED8071 /* DetectCall */ = {
			isa = PBXNativeTarget;
			buildConfigurationList = 2E5543FA2567319B00ED8071 /* Build configuration list for PBXNativeTarget "DetectCall" */;
			buildPhases = (
				7851A7B3E68B3350B3349C6C /* [CP] Check Pods Manifest.lock */,
				2E5543DA2567319400ED8071 /* Sources */,
				2E5543DB2567319400ED8071 /* Frameworks */,
				2E5543DC2567319400ED8071 /* Resources */,
				2E55440E2567341D00ED8071 /* Embed App Extensions */,
				C7E6F0D0677B3FC4C1B84015 /* [CP] Embed Pods Frameworks */,
			);
			buildRules = (
			);
			dependencies = (
				2E5544092567341D00ED8071 /* PBXTargetDependency */,
			);
			name = DetectCall;
			productName = DetectCall;
			productReference = 2E5543DE2567319400ED8071 /* DetectCall.app */;
			productType = "com.apple.product-type.application";
		};
		2E5544012567341C00ED8071 /* CallDirectoryHandler */ = {
			isa = PBXNativeTarget;
			buildConfigurationList = 2E55440B2567341D00ED8071 /* Build configuration list for PBXNativeTarget "CallDirectoryHandler" */;
			buildPhases = (
				84A4EAF8925A1E42BA127F40 /* [CP] Check Pods Manifest.lock */,
				2E5543FE2567341C00ED8071 /* Sources */,
				2E5543FF2567341C00ED8071 /* Frameworks */,
				2E5544002567341C00ED8071 /* Resources */,
			);
			buildRules = (
			);
			dependencies = (
			);
			name = CallDirectoryHandler;
			productName = CallDirectoryHandler;
			productReference = 2E5544022567341C00ED8071 /* CallDirectoryHandler.appex */;
			productType = "com.apple.product-type.app-extension";
		};
/* End PBXNativeTarget section */

/* Begin PBXProject section */
		2E5543D62567319400ED8071 /* Project object */ = {
			isa = PBXProject;
			attributes = {
				LastUpgradeCheck = 1220;
				TargetAttributes = {
					2E5543DD2567319400ED8071 = {
						CreatedOnToolsVersion = 12.1;
					};
					2E5544012567341C00ED8071 = {
						CreatedOnToolsVersion = 12.1;
					};
				};
			};
			buildConfigurationList = 2E5543D92567319400ED8071 /* Build configuration list for PBXProject "DetectCall" */;
			compatibilityVersion = "Xcode 9.3";
			developmentRegion = en;
			hasScannedForEncodings = 0;
			knownRegions = (
				en,
				Base,
			);
			mainGroup = 2E5543D52567319400ED8071;
			productRefGroup = 2E5543DF2567319400ED8071 /* Products */;
			projectDirPath = "";
			projectRoot = "";
			targets = (
				2E5543DD2567319400ED8071 /* DetectCall */,
				2E5544012567341C00ED8071 /* CallDirectoryHandler */,
			);
		};
/* End PBXProject section */

/* Begin PBXResourcesBuildPhase section */
		2E5543DC2567319400ED8071 /* Resources */ = {
			isa = PBXResourcesBuildPhase;
			buildActionMask = 2147483647;
			files = (
				2E5543F42567319B00ED8071 /* LaunchScreen.storyboard in Resources */,
				2E9C172025707DDD0054E0C1 /* DBData2.json in Resources */,
				2E5543F12567319B00ED8071 /* Assets.xcassets in Resources */,
				2E5543EC2567319400ED8071 /* Main.storyboard in Resources */,
				2E20B8D4256F8074005C6253 /* DBData.json in Resources */,
			);
			runOnlyForDeploymentPostprocessing = 0;
		};
		2E5544002567341C00ED8071 /* Resources */ = {
			isa = PBXResourcesBuildPhase;
			buildActionMask = 2147483647;
			files = (
				2E6F7FBD2581EE1100847DA3 /* DBData3.json in Resources */,
				2E0682C62581E7B2009A4B44 /* DBData2.json in Resources */,
				2E7C9C322580ABAE00EB360E /* DBData.json in Resources */,
			);
			runOnlyForDeploymentPostprocessing = 0;
		};
/* End PBXResourcesBuildPhase section */

/* Begin PBXShellScriptBuildPhase section */
		7851A7B3E68B3350B3349C6C /* [CP] Check Pods Manifest.lock */ = {
			isa = PBXShellScriptBuildPhase;
			buildActionMask = 2147483647;
			files = (
			);
			inputFileListPaths = (
			);
			inputPaths = (
				"${PODS_PODFILE_DIR_PATH}/Podfile.lock",
				"${PODS_ROOT}/Manifest.lock",
			);
			name = "[CP] Check Pods Manifest.lock";
			outputFileListPaths = (
			);
			outputPaths = (
				"$(DERIVED_FILE_DIR)/Pods-DetectCall-checkManifestLockResult.txt",
			);
			runOnlyForDeploymentPostprocessing = 0;
			shellPath = /bin/sh;
			shellScript = "diff \"${PODS_PODFILE_DIR_PATH}/Podfile.lock\" \"${PODS_ROOT}/Manifest.lock\" > /dev/null\nif [ $? != 0 ] ; then\n    # print error to STDERR\n    echo \"error: The sandbox is not in sync with the Podfile.lock. Run 'pod install' or update your CocoaPods installation.\" >&2\n    exit 1\nfi\n# This output is used by Xcode 'outputs' to avoid re-running this script phase.\necho \"SUCCESS\" > \"${SCRIPT_OUTPUT_FILE_0}\"\n";
			showEnvVarsInLog = 0;
		};
		84A4EAF8925A1E42BA127F40 /* [CP] Check Pods Manifest.lock */ = {
			isa = PBXShellScriptBuildPhase;
			buildActionMask = 2147483647;
			files = (
			);
			inputFileListPaths = (
			);
			inputPaths = (
				"${PODS_PODFILE_DIR_PATH}/Podfile.lock",
				"${PODS_ROOT}/Manifest.lock",
			);
			name = "[CP] Check Pods Manifest.lock";
			outputFileListPaths = (
			);
			outputPaths = (
				"$(DERIVED_FILE_DIR)/Pods-CallDirectoryHandler-checkManifestLockResult.txt",
			);
			runOnlyForDeploymentPostprocessing = 0;
			shellPath = /bin/sh;
			shellScript = "diff \"${PODS_PODFILE_DIR_PATH}/Podfile.lock\" \"${PODS_ROOT}/Manifest.lock\" > /dev/null\nif [ $? != 0 ] ; then\n    # print error to STDERR\n    echo \"error: The sandbox is not in sync with the Podfile.lock. Run 'pod install' or update your CocoaPods installation.\" >&2\n    exit 1\nfi\n# This output is used by Xcode 'outputs' to avoid re-running this script phase.\necho \"SUCCESS\" > \"${SCRIPT_OUTPUT_FILE_0}\"\n";
			showEnvVarsInLog = 0;
		};
		C7E6F0D0677B3FC4C1B84015 /* [CP] Embed Pods Frameworks */ = {
			isa = PBXShellScriptBuildPhase;
			buildActionMask = 2147483647;
			files = (
			);
			inputFileListPaths = (
				"${PODS_ROOT}/Target Support Files/Pods-DetectCall/Pods-DetectCall-frameworks-${CONFIGURATION}-input-files.xcfilelist",
			);
			name = "[CP] Embed Pods Frameworks";
			outputFileListPaths = (
				"${PODS_ROOT}/Target Support Files/Pods-DetectCall/Pods-DetectCall-frameworks-${CONFIGURATION}-output-files.xcfilelist",
			);
			runOnlyForDeploymentPostprocessing = 0;
			shellPath = /bin/sh;
			shellScript = "\"${PODS_ROOT}/Target Support Files/Pods-DetectCall/Pods-DetectCall-frameworks.sh\"\n";
			showEnvVarsInLog = 0;
		};
/* End PBXShellScriptBuildPhase section */

/* Begin PBXSourcesBuildPhase section */
		2E5543DA2567319400ED8071 /* Sources */ = {
			isa = PBXSourcesBuildPhase;
			buildActionMask = 2147483647;
			files = (
				2EA6391F2580816A0016C738 /* CallDirectoryHandler.entitlements in Sources */,
				2EA639202580816A0016C738 /* CallDirectoryHandler.h in Sources */,
				2EA639212580816A0016C738 /* CallDirectoryHandler.m in Sources */,
				2E5543F72567319B00ED8071 /* main.m in Sources */,
				2E5543EF2567319400ED8071 /* DetectCall.xcdatamodeld in Sources */,
				2E5543E92567319400ED8071 /* ViewController.m in Sources */,
				2E5543E32567319400ED8071 /* AppDelegate.m in Sources */,
				2E7A6DA22580675A007EAD0B /* FMResultSet.m in Sources */,
				2E7A6DA12580675A007EAD0B /* FMDatabasePool.m in Sources */,
				2E5543E62567319400ED8071 /* SceneDelegate.m in Sources */,
				2E7A6D9F25806759007EAD0B /* FMDatabaseAdditions.m in Sources */,
				2E7A6D9E25806759007EAD0B /* FMDatabaseQueue.m in Sources */,
				2E7A6DA02580675A007EAD0B /* FMDatabase.m in Sources */,
			);
			runOnlyForDeploymentPostprocessing = 0;
		};
		2E5543FE2567341C00ED8071 /* Sources */ = {
			isa = PBXSourcesBuildPhase;
			buildActionMask = 2147483647;
			files = (
				2E5544062567341D00ED8071 /* CallDirectoryHandler.m in Sources */,
			);
			runOnlyForDeploymentPostprocessing = 0;
		};
/* End PBXSourcesBuildPhase section */

/* Begin PBXTargetDependency section */
		2E5544092567341D00ED8071 /* PBXTargetDependency */ = {
			isa = PBXTargetDependency;
			target = 2E5544012567341C00ED8071 /* CallDirectoryHandler */;
			targetProxy = 2E5544082567341D00ED8071 /* PBXContainerItemProxy */;
		};
/* End PBXTargetDependency section */

/* Begin PBXVariantGroup section */
		2E5543EA2567319400ED8071 /* Main.storyboard */ = {
			isa = PBXVariantGroup;
			children = (
				2E5543EB2567319400ED8071 /* Base */,
			);
			name = Main.storyboard;
			sourceTree = "<group>";
		};
		2E5543F22567319B00ED8071 /* LaunchScreen.storyboard */ = {
			isa = PBXVariantGroup;
			children = (
				2E5543F32567319B00ED8071 /* Base */,
			);
			name = LaunchScreen.storyboard;
			sourceTree = "<group>";
		};
/* End PBXVariantGroup section */

/* Begin XCBuildConfiguration section */
		2E5543F82567319B00ED8071 /* Debug */ = {
			isa = XCBuildConfiguration;
			buildSettings = {
				ALWAYS_SEARCH_USER_PATHS = NO;
				CLANG_ANALYZER_NONNULL = YES;
				CLANG_ANALYZER_NUMBER_OBJECT_CONVERSION = YES_AGGRESSIVE;
				CLANG_CXX_LANGUAGE_STANDARD = "gnu++14";
				CLANG_CXX_LIBRARY = "libc++";
				CLANG_ENABLE_MODULES = YES;
				CLANG_ENABLE_OBJC_ARC = YES;
				CLANG_ENABLE_OBJC_WEAK = YES;
				CLANG_WARN_BLOCK_CAPTURE_AUTORELEASING = YES;
				CLANG_WARN_BOOL_CONVERSION = YES;
				CLANG_WARN_COMMA = YES;
				CLANG_WARN_CONSTANT_CONVERSION = YES;
				CLANG_WARN_DEPRECATED_OBJC_IMPLEMENTATIONS = YES;
				CLANG_WARN_DIRECT_OBJC_ISA_USAGE = YES_ERROR;
				CLANG_WARN_DOCUMENTATION_COMMENTS = YES;
				CLANG_WARN_EMPTY_BODY = YES;
				CLANG_WARN_ENUM_CONVERSION = YES;
				CLANG_WARN_INFINITE_RECURSION = YES;
				CLANG_WARN_INT_CONVERSION = YES;
				CLANG_WARN_NON_LITERAL_NULL_CONVERSION = YES;
				CLANG_WARN_OBJC_IMPLICIT_RETAIN_SELF = YES;
				CLANG_WARN_OBJC_LITERAL_CONVERSION = YES;
				CLANG_WARN_OBJC_ROOT_CLASS = YES_ERROR;
				CLANG_WARN_QUOTED_INCLUDE_IN_FRAMEWORK_HEADER = YES;
				CLANG_WARN_RANGE_LOOP_ANALYSIS = YES;
				CLANG_WARN_STRICT_PROTOTYPES = YES;
				CLANG_WARN_SUSPICIOUS_MOVE = YES;
				CLANG_WARN_UNGUARDED_AVAILABILITY = YES_AGGRESSIVE;
				CLANG_WARN_UNREACHABLE_CODE = YES;
				CLANG_WARN__DUPLICATE_METHOD_MATCH = YES;
				COPY_PHASE_STRIP = NO;
				DEBUG_INFORMATION_FORMAT = dwarf;
				ENABLE_STRICT_OBJC_MSGSEND = YES;
				ENABLE_TESTABILITY = YES;
				GCC_C_LANGUAGE_STANDARD = gnu11;
				GCC_DYNAMIC_NO_PIC = NO;
				GCC_NO_COMMON_BLOCKS = YES;
				GCC_OPTIMIZATION_LEVEL = 0;
				GCC_PREPROCESSOR_DEFINITIONS = (
					"DEBUG=1",
					"$(inherited)",
				);
				GCC_WARN_64_TO_32_BIT_CONVERSION = YES;
				GCC_WARN_ABOUT_RETURN_TYPE = YES_ERROR;
				GCC_WARN_UNDECLARED_SELECTOR = YES;
				GCC_WARN_UNINITIALIZED_AUTOS = YES_AGGRESSIVE;
				GCC_WARN_UNUSED_FUNCTION = YES;
				GCC_WARN_UNUSED_VARIABLE = YES;
				IPHONEOS_DEPLOYMENT_TARGET = 12.0;
				MTL_ENABLE_DEBUG_INFO = INCLUDE_SOURCE;
				MTL_FAST_MATH = YES;
				ONLY_ACTIVE_ARCH = YES;
				SDKROOT = iphoneos;
			};
			name = Debug;
		};
		2E5543F92567319B00ED8071 /* Release */ = {
			isa = XCBuildConfiguration;
			buildSettings = {
				ALWAYS_SEARCH_USER_PATHS = NO;
				CLANG_ANALYZER_NONNULL = YES;
				CLANG_ANALYZER_NUMBER_OBJECT_CONVERSION = YES_AGGRESSIVE;
				CLANG_CXX_LANGUAGE_STANDARD = "gnu++14";
				CLANG_CXX_LIBRARY = "libc++";
				CLANG_ENABLE_MODULES = YES;
				CLANG_ENABLE_OBJC_ARC = YES;
				CLANG_ENABLE_OBJC_WEAK = YES;
				CLANG_WARN_BLOCK_CAPTURE_AUTORELEASING = YES;
				CLANG_WARN_BOOL_CONVERSION = YES;
				CLANG_WARN_COMMA = YES;
				CLANG_WARN_CONSTANT_CONVERSION = YES;
				CLANG_WARN_DEPRECATED_OBJC_IMPLEMENTATIONS = YES;
				CLANG_WARN_DIRECT_OBJC_ISA_USAGE = YES_ERROR;
				CLANG_WARN_DOCUMENTATION_COMMENTS = YES;
				CLANG_WARN_EMPTY_BODY = YES;
				CLANG_WARN_ENUM_CONVERSION = YES;
				CLANG_WARN_INFINITE_RECURSION = YES;
				CLANG_WARN_INT_CONVERSION = YES;
				CLANG_WARN_NON_LITERAL_NULL_CONVERSION = YES;
				CLANG_WARN_OBJC_IMPLICIT_RETAIN_SELF = YES;
				CLANG_WARN_OBJC_LITERAL_CONVERSION = YES;
				CLANG_WARN_OBJC_ROOT_CLASS = YES_ERROR;
				CLANG_WARN_QUOTED_INCLUDE_IN_FRAMEWORK_HEADER = YES;
				CLANG_WARN_RANGE_LOOP_ANALYSIS = YES;
				CLANG_WARN_STRICT_PROTOTYPES = YES;
				CLANG_WARN_SUSPICIOUS_MOVE = YES;
				CLANG_WARN_UNGUARDED_AVAILABILITY = YES_AGGRESSIVE;
				CLANG_WARN_UNREACHABLE_CODE = YES;
				CLANG_WARN__DUPLICATE_METHOD_MATCH = YES;
				COPY_PHASE_STRIP = NO;
				DEBUG_INFORMATION_FORMAT = "dwarf-with-dsym";
				ENABLE_NS_ASSERTIONS = NO;
				ENABLE_STRICT_OBJC_MSGSEND = YES;
				GCC_C_LANGUAGE_STANDARD = gnu11;
				GCC_NO_COMMON_BLOCKS = YES;
				GCC_WARN_64_TO_32_BIT_CONVERSION = YES;
				GCC_WARN_ABOUT_RETURN_TYPE = YES_ERROR;
				GCC_WARN_UNDECLARED_SELECTOR = YES;
				GCC_WARN_UNINITIALIZED_AUTOS = YES_AGGRESSIVE;
				GCC_WARN_UNUSED_FUNCTION = YES;
				GCC_WARN_UNUSED_VARIABLE = YES;
				IPHONEOS_DEPLOYMENT_TARGET = 12.0;
				MTL_ENABLE_DEBUG_INFO = NO;
				MTL_FAST_MATH = YES;
				SDKROOT = iphoneos;
				VALIDATE_PRODUCT = YES;
			};
			name = Release;
		};
		2E5543FB2567319B00ED8071 /* Debug */ = {
			isa = XCBuildConfiguration;
			baseConfigurationReference = A8156E63F068E96559B64E1A /* Pods-DetectCall.debug.xcconfig */;
			buildSettings = {
				ASSETCATALOG_COMPILER_APPICON_NAME = AppIcon;
				ASSETCATALOG_COMPILER_GLOBAL_ACCENT_COLOR_NAME = AccentColor;
				CODE_SIGN_ENTITLEMENTS = DetectCall/DetectCall.entitlements;
				CODE_SIGN_STYLE = Automatic;
				DEVELOPMENT_TEAM = 83BLQCSHWL;
				INFOPLIST_FILE = DetectCall/Info.plist;
				LD_RUNPATH_SEARCH_PATHS = (
					"$(inherited)",
					"@executable_path/Frameworks",
				);
				PRODUCT_BUNDLE_IDENTIFIER = com.geuntaek.DetectCall;
				PRODUCT_NAME = "$(TARGET_NAME)";
				TARGETED_DEVICE_FAMILY = "1,2";
			};
			name = Debug;
		};
		2E5543FC2567319B00ED8071 /* Release */ = {
			isa = XCBuildConfiguration;
			baseConfigurationReference = 148E5105EC68BD19F751D692 /* Pods-DetectCall.release.xcconfig */;
			buildSettings = {
				ASSETCATALOG_COMPILER_APPICON_NAME = AppIcon;
				ASSETCATALOG_COMPILER_GLOBAL_ACCENT_COLOR_NAME = AccentColor;
				CODE_SIGN_ENTITLEMENTS = DetectCall/DetectCall.entitlements;
				CODE_SIGN_STYLE = Automatic;
				DEVELOPMENT_TEAM = 83BLQCSHWL;
				INFOPLIST_FILE = DetectCall/Info.plist;
				LD_RUNPATH_SEARCH_PATHS = (
					"$(inherited)",
					"@executable_path/Frameworks",
				);
				PRODUCT_BUNDLE_IDENTIFIER = com.geuntaek.DetectCall;
				PRODUCT_NAME = "$(TARGET_NAME)";
				TARGETED_DEVICE_FAMILY = "1,2";
			};
			name = Release;
		};
		2E55440C2567341D00ED8071 /* Debug */ = {
			isa = XCBuildConfiguration;
			baseConfigurationReference = 4F1FDEF40FAEE4B19DE159BC /* Pods-CallDirectoryHandler.debug.xcconfig */;
			buildSettings = {
				CODE_SIGN_ENTITLEMENTS = CallDirectoryHandler/CallDirectoryHandler.entitlements;
				CODE_SIGN_STYLE = Automatic;
				DEVELOPMENT_TEAM = 83BLQCSHWL;
				INFOPLIST_FILE = CallDirectoryHandler/Info.plist;
				LD_RUNPATH_SEARCH_PATHS = (
					"$(inherited)",
					"@executable_path/Frameworks",
					"@executable_path/../../Frameworks",
				);
				PRODUCT_BUNDLE_IDENTIFIER = com.geuntaek.DetectCall.CallDirectoryHandler;
				PRODUCT_NAME = "$(TARGET_NAME)";
				SKIP_INSTALL = YES;
				TARGETED_DEVICE_FAMILY = "1,2";
			};
			name = Debug;
		};
		2E55440D2567341D00ED8071 /* Release */ = {
			isa = XCBuildConfiguration;
			baseConfigurationReference = 4B60CBA1F0C7FE05B00799C6 /* Pods-CallDirectoryHandler.release.xcconfig */;
			buildSettings = {
				CODE_SIGN_ENTITLEMENTS = CallDirectoryHandler/CallDirectoryHandler.entitlements;
				CODE_SIGN_STYLE = Automatic;
				DEVELOPMENT_TEAM = 83BLQCSHWL;
				INFOPLIST_FILE = CallDirectoryHandler/Info.plist;
				LD_RUNPATH_SEARCH_PATHS = (
					"$(inherited)",
					"@executable_path/Frameworks",
					"@executable_path/../../Frameworks",
				);
				PRODUCT_BUNDLE_IDENTIFIER = com.geuntaek.DetectCall.CallDirectoryHandler;
				PRODUCT_NAME = "$(TARGET_NAME)";
				SKIP_INSTALL = YES;
				TARGETED_DEVICE_FAMILY = "1,2";
			};
			name = Release;
		};
/* End XCBuildConfiguration section */

/* Begin XCConfigurationList section */
		2E5543D92567319400ED8071 /* Build configuration list for PBXProject "DetectCall" */ = {
			isa = XCConfigurationList;
			buildConfigurations = (
				2E5543F82567319B00ED8071 /* Debug */,
				2E5543F92567319B00ED8071 /* Release */,
			);
			defaultConfigurationIsVisible = 0;
			defaultConfigurationName = Release;
		};
		2E5543FA2567319B00ED8071 /* Build configuration list for PBXNativeTarget "DetectCall" */ = {
			isa = XCConfigurationList;
			buildConfigurations = (
				2E5543FB2567319B00ED8071 /* Debug */,
				2E5543FC2567319B00ED8071 /* Release */,
			);
			defaultConfigurationIsVisible = 0;
			defaultConfigurationName = Release;
		};
		2E55440B2567341D00ED8071 /* Build configuration list for PBXNativeTarget "CallDirectoryHandler" */ = {
			isa = XCConfigurationList;
			buildConfigurations = (
				2E55440C2567341D00ED8071 /* Debug */,
				2E55440D2567341D00ED8071 /* Release */,
			);
			defaultConfigurationIsVisible = 0;
			defaultConfigurationName = Release;
		};
/* End XCConfigurationList section */

/* Begin XCVersionGroup section */
		2E5543ED2567319400ED8071 /* DetectCall.xcdatamodeld */ = {
			isa = XCVersionGroup;
			children = (
				2E5543EE2567319400ED8071 /* DetectCall.xcdatamodel */,
			);
			currentVersion = 2E5543EE2567319400ED8071 /* DetectCall.xcdatamodel */;
			path = DetectCall.xcdatamodeld;
			sourceTree = "<group>";
			versionGroupType = wrapper.xcdatamodel;
		};
/* End XCVersionGroup section */
	};
	rootObject = 2E5543D62567319400ED8071 /* Project object */;
}
